// !$*UTF8*$!
{
	archiveVersion = 1;
	classes = {
	};
	objectVersion = 48;
	objects = {

/* Begin PBXBuildFile section */
		00536FF23DFA45901F39D1FD /* Pods_TVMazeAppTests.framework in Frameworks */ = {isa = PBXBuildFile; fileRef = 44E615BCC8C994BAC1CE71A7 /* Pods_TVMazeAppTests.framework */; };
		A93C43795C02175C06C97092 /* Pods_TVMazeApp.framework in Frameworks */ = {isa = PBXBuildFile; fileRef = 68D87F0726B4CE3F8076C756 /* Pods_TVMazeApp.framework */; };
		DF01F046205D3D9C00CC3AA3 /* DetailShowViewController.swift in Sources */ = {isa = PBXBuildFile; fileRef = DF01F045205D3D9C00CC3AA3 /* DetailShowViewController.swift */; };
		DF01F049205D825600CC3AA3 /* Episode.swift in Sources */ = {isa = PBXBuildFile; fileRef = DF01F048205D825600CC3AA3 /* Episode.swift */; };
		DF01F04B205D893100CC3AA3 /* StringExtension.swift in Sources */ = {isa = PBXBuildFile; fileRef = DF01F04A205D893100CC3AA3 /* StringExtension.swift */; };
		DF19C410205B19CB004C9C77 /* AppDelegate.swift in Sources */ = {isa = PBXBuildFile; fileRef = DF19C40F205B19CB004C9C77 /* AppDelegate.swift */; };
		DF19C415205B19CB004C9C77 /* Main.storyboard in Resources */ = {isa = PBXBuildFile; fileRef = DF19C413205B19CB004C9C77 /* Main.storyboard */; };
		DF19C418205B19CB004C9C77 /* TVMazeApp.xcdatamodeld in Sources */ = {isa = PBXBuildFile; fileRef = DF19C416205B19CB004C9C77 /* TVMazeApp.xcdatamodeld */; };
		DF19C41A205B19CB004C9C77 /* Assets.xcassets in Resources */ = {isa = PBXBuildFile; fileRef = DF19C419205B19CB004C9C77 /* Assets.xcassets */; };
		DF19C41D205B19CB004C9C77 /* LaunchScreen.storyboard in Resources */ = {isa = PBXBuildFile; fileRef = DF19C41B205B19CB004C9C77 /* LaunchScreen.storyboard */; };
		DF19C428205B19CB004C9C77 /* TVMazeAppTests.swift in Sources */ = {isa = PBXBuildFile; fileRef = DF19C427205B19CB004C9C77 /* TVMazeAppTests.swift */; };
		DFAFF420205B32D10019698E /* Show.swift in Sources */ = {isa = PBXBuildFile; fileRef = DFAFF41F205B32D10019698E /* Show.swift */; };
		DFAFF422205B33C00019698E /* ApiHelper.swift in Sources */ = {isa = PBXBuildFile; fileRef = DFAFF421205B33C00019698E /* ApiHelper.swift */; };
		DFAFF424205B353C0019698E /* ShowViewModel.swift in Sources */ = {isa = PBXBuildFile; fileRef = DFAFF423205B353C0019698E /* ShowViewModel.swift */; };
		DFAFF426205B3CF20019698E /* UrlHelper.swift in Sources */ = {isa = PBXBuildFile; fileRef = DFAFF425205B3CF20019698E /* UrlHelper.swift */; };
		DFAFF428205B3F420019698E /* TabBarController.swift in Sources */ = {isa = PBXBuildFile; fileRef = DFAFF427205B3F420019698E /* TabBarController.swift */; };
		DFAFF42A205B40330019698E /* ShowsViewController.swift in Sources */ = {isa = PBXBuildFile; fileRef = DFAFF429205B40330019698E /* ShowsViewController.swift */; };
		DFAFF42C205B40610019698E /* FavoritesViewController.swift in Sources */ = {isa = PBXBuildFile; fileRef = DFAFF42B205B40610019698E /* FavoritesViewController.swift */; };
		DFAFF42E205B478D0019698E /* ShowCollectionViewCell.swift in Sources */ = {isa = PBXBuildFile; fileRef = DFAFF42D205B478D0019698E /* ShowCollectionViewCell.swift */; };
		DFFEBF55205D989C00657E4B /* Season.swift in Sources */ = {isa = PBXBuildFile; fileRef = DFFEBF54205D989C00657E4B /* Season.swift */; };
		DFFEBF57205D9B4C00657E4B /* SeasonViewModel.swift in Sources */ = {isa = PBXBuildFile; fileRef = DFFEBF56205D9B4C00657E4B /* SeasonViewModel.swift */; };
		DFFEBF5B205DDABB00657E4B /* CoreDataStack.swift in Sources */ = {isa = PBXBuildFile; fileRef = DFFEBF5A205DDABB00657E4B /* CoreDataStack.swift */; };
		DFFEBF5D205DDC5A00657E4B /* CoreDataStackExtension.swift in Sources */ = {isa = PBXBuildFile; fileRef = DFFEBF5C205DDC5A00657E4B /* CoreDataStackExtension.swift */; };
		DFFEBF5F205E87F000657E4B /* DetailEpisodeViewController.swift in Sources */ = {isa = PBXBuildFile; fileRef = DFFEBF5E205E87F000657E4B /* DetailEpisodeViewController.swift */; };
		DFFEBF61205E8B4700657E4B /* EpisodeViewModel.swift in Sources */ = {isa = PBXBuildFile; fileRef = DFFEBF60205E8B4700657E4B /* EpisodeViewModel.swift */; };
/* End PBXBuildFile section */

/* Begin PBXContainerItemProxy section */
		DF19C424205B19CB004C9C77 /* PBXContainerItemProxy */ = {
			isa = PBXContainerItemProxy;
			containerPortal = DF19C404205B19CA004C9C77 /* Project object */;
			proxyType = 1;
			remoteGlobalIDString = DF19C40B205B19CA004C9C77;
			remoteInfo = TVMazeApp;
		};
/* End PBXContainerItemProxy section */

/* Begin PBXFileReference section */
		3BC49E5F7DB3CB38A826E5D3 /* Pods-TVMazeAppTests.debug.xcconfig */ = {isa = PBXFileReference; includeInIndex = 1; lastKnownFileType = text.xcconfig; name = "Pods-TVMazeAppTests.debug.xcconfig"; path = "Pods/Target Support Files/Pods-TVMazeAppTests/Pods-TVMazeAppTests.debug.xcconfig"; sourceTree = "<group>"; };
		3DC20C4D2219E2A10D697F62 /* Pods-TVMazeApp.release.xcconfig */ = {isa = PBXFileReference; includeInIndex = 1; lastKnownFileType = text.xcconfig; name = "Pods-TVMazeApp.release.xcconfig"; path = "Pods/Target Support Files/Pods-TVMazeApp/Pods-TVMazeApp.release.xcconfig"; sourceTree = "<group>"; };
		44E615BCC8C994BAC1CE71A7 /* Pods_TVMazeAppTests.framework */ = {isa = PBXFileReference; explicitFileType = wrapper.framework; includeInIndex = 0; path = Pods_TVMazeAppTests.framework; sourceTree = BUILT_PRODUCTS_DIR; };
		68D87F0726B4CE3F8076C756 /* Pods_TVMazeApp.framework */ = {isa = PBXFileReference; explicitFileType = wrapper.framework; includeInIndex = 0; path = Pods_TVMazeApp.framework; sourceTree = BUILT_PRODUCTS_DIR; };
		8DF4FA83DF8EC7EC27EAE699 /* Pods-TVMazeAppTests.release.xcconfig */ = {isa = PBXFileReference; includeInIndex = 1; lastKnownFileType = text.xcconfig; name = "Pods-TVMazeAppTests.release.xcconfig"; path = "Pods/Target Support Files/Pods-TVMazeAppTests/Pods-TVMazeAppTests.release.xcconfig"; sourceTree = "<group>"; };
		DF01F045205D3D9C00CC3AA3 /* DetailShowViewController.swift */ = {isa = PBXFileReference; lastKnownFileType = sourcecode.swift; path = DetailShowViewController.swift; sourceTree = "<group>"; };
		DF01F048205D825600CC3AA3 /* Episode.swift */ = {isa = PBXFileReference; lastKnownFileType = sourcecode.swift; path = Episode.swift; sourceTree = "<group>"; };
		DF01F04A205D893100CC3AA3 /* StringExtension.swift */ = {isa = PBXFileReference; lastKnownFileType = sourcecode.swift; path = StringExtension.swift; sourceTree = "<group>"; };
		DF19C40C205B19CB004C9C77 /* TVMazeApp.app */ = {isa = PBXFileReference; explicitFileType = wrapper.application; includeInIndex = 0; path = TVMazeApp.app; sourceTree = BUILT_PRODUCTS_DIR; };
		DF19C40F205B19CB004C9C77 /* AppDelegate.swift */ = {isa = PBXFileReference; lastKnownFileType = sourcecode.swift; path = AppDelegate.swift; sourceTree = "<group>"; };
		DF19C414205B19CB004C9C77 /* Base */ = {isa = PBXFileReference; lastKnownFileType = file.storyboard; name = Base; path = Base.lproj/Main.storyboard; sourceTree = "<group>"; };
		DF19C417205B19CB004C9C77 /* TVMazeApp.xcdatamodel */ = {isa = PBXFileReference; lastKnownFileType = wrapper.xcdatamodel; path = TVMazeApp.xcdatamodel; sourceTree = "<group>"; };
		DF19C419205B19CB004C9C77 /* Assets.xcassets */ = {isa = PBXFileReference; lastKnownFileType = folder.assetcatalog; path = Assets.xcassets; sourceTree = "<group>"; };
		DF19C41C205B19CB004C9C77 /* Base */ = {isa = PBXFileReference; lastKnownFileType = file.storyboard; name = Base; path = Base.lproj/LaunchScreen.storyboard; sourceTree = "<group>"; };
		DF19C41E205B19CB004C9C77 /* Info.plist */ = {isa = PBXFileReference; lastKnownFileType = text.plist.xml; path = Info.plist; sourceTree = "<group>"; };
		DF19C423205B19CB004C9C77 /* TVMazeAppTests.xctest */ = {isa = PBXFileReference; explicitFileType = wrapper.cfbundle; includeInIndex = 0; path = TVMazeAppTests.xctest; sourceTree = BUILT_PRODUCTS_DIR; };
		DF19C427205B19CB004C9C77 /* TVMazeAppTests.swift */ = {isa = PBXFileReference; lastKnownFileType = sourcecode.swift; path = TVMazeAppTests.swift; sourceTree = "<group>"; };
		DF19C429205B19CB004C9C77 /* Info.plist */ = {isa = PBXFileReference; lastKnownFileType = text.plist.xml; path = Info.plist; sourceTree = "<group>"; };
		DFAFF41F205B32D10019698E /* Show.swift */ = {isa = PBXFileReference; lastKnownFileType = sourcecode.swift; path = Show.swift; sourceTree = "<group>"; };
		DFAFF421205B33C00019698E /* ApiHelper.swift */ = {isa = PBXFileReference; lastKnownFileType = sourcecode.swift; path = ApiHelper.swift; sourceTree = "<group>"; };
		DFAFF423205B353C0019698E /* ShowViewModel.swift */ = {isa = PBXFileReference; lastKnownFileType = sourcecode.swift; path = ShowViewModel.swift; sourceTree = "<group>"; };
		DFAFF425205B3CF20019698E /* UrlHelper.swift */ = {isa = PBXFileReference; lastKnownFileType = sourcecode.swift; path = UrlHelper.swift; sourceTree = "<group>"; };
		DFAFF427205B3F420019698E /* TabBarController.swift */ = {isa = PBXFileReference; lastKnownFileType = sourcecode.swift; path = TabBarController.swift; sourceTree = "<group>"; };
		DFAFF429205B40330019698E /* ShowsViewController.swift */ = {isa = PBXFileReference; lastKnownFileType = sourcecode.swift; path = ShowsViewController.swift; sourceTree = "<group>"; };
		DFAFF42B205B40610019698E /* FavoritesViewController.swift */ = {isa = PBXFileReference; lastKnownFileType = sourcecode.swift; path = FavoritesViewController.swift; sourceTree = "<group>"; };
		DFAFF42D205B478D0019698E /* ShowCollectionViewCell.swift */ = {isa = PBXFileReference; lastKnownFileType = sourcecode.swift; path = ShowCollectionViewCell.swift; sourceTree = "<group>"; };
		DFFEBF54205D989C00657E4B /* Season.swift */ = {isa = PBXFileReference; lastKnownFileType = sourcecode.swift; path = Season.swift; sourceTree = "<group>"; };
		DFFEBF56205D9B4C00657E4B /* SeasonViewModel.swift */ = {isa = PBXFileReference; lastKnownFileType = sourcecode.swift; path = SeasonViewModel.swift; sourceTree = "<group>"; };
		DFFEBF5A205DDABB00657E4B /* CoreDataStack.swift */ = {isa = PBXFileReference; lastKnownFileType = sourcecode.swift; path = CoreDataStack.swift; sourceTree = "<group>"; };
		DFFEBF5C205DDC5A00657E4B /* CoreDataStackExtension.swift */ = {isa = PBXFileReference; lastKnownFileType = sourcecode.swift; path = CoreDataStackExtension.swift; sourceTree = "<group>"; };
		DFFEBF5E205E87F000657E4B /* DetailEpisodeViewController.swift */ = {isa = PBXFileReference; lastKnownFileType = sourcecode.swift; path = DetailEpisodeViewController.swift; sourceTree = "<group>"; };
		DFFEBF60205E8B4700657E4B /* EpisodeViewModel.swift */ = {isa = PBXFileReference; lastKnownFileType = sourcecode.swift; path = EpisodeViewModel.swift; sourceTree = "<group>"; };
		E16C4953579C0E524CFC3328 /* Pods-TVMazeApp.debug.xcconfig */ = {isa = PBXFileReference; includeInIndex = 1; lastKnownFileType = text.xcconfig; name = "Pods-TVMazeApp.debug.xcconfig"; path = "Pods/Target Support Files/Pods-TVMazeApp/Pods-TVMazeApp.debug.xcconfig"; sourceTree = "<group>"; };
/* End PBXFileReference section */

/* Begin PBXFrameworksBuildPhase section */
		DF19C409205B19CA004C9C77 /* Frameworks */ = {
			isa = PBXFrameworksBuildPhase;
			buildActionMask = 2147483647;
			files = (
				A93C43795C02175C06C97092 /* Pods_TVMazeApp.framework in Frameworks */,
			);
			runOnlyForDeploymentPostprocessing = 0;
		};
		DF19C420205B19CB004C9C77 /* Frameworks */ = {
			isa = PBXFrameworksBuildPhase;
			buildActionMask = 2147483647;
			files = (
				00536FF23DFA45901F39D1FD /* Pods_TVMazeAppTests.framework in Frameworks */,
			);
			runOnlyForDeploymentPostprocessing = 0;
		};
/* End PBXFrameworksBuildPhase section */

/* Begin PBXGroup section */
		5855DCD8A4B9F4F0BDA4B1F4 /* Frameworks */ = {
			isa = PBXGroup;
			children = (
				68D87F0726B4CE3F8076C756 /* Pods_TVMazeApp.framework */,
				44E615BCC8C994BAC1CE71A7 /* Pods_TVMazeAppTests.framework */,
			);
			name = Frameworks;
			sourceTree = "<group>";
		};
		61F446C46062908338623968 /* Pods */ = {
			isa = PBXGroup;
			children = (
				E16C4953579C0E524CFC3328 /* Pods-TVMazeApp.debug.xcconfig */,
				3DC20C4D2219E2A10D697F62 /* Pods-TVMazeApp.release.xcconfig */,
				3BC49E5F7DB3CB38A826E5D3 /* Pods-TVMazeAppTests.debug.xcconfig */,
				8DF4FA83DF8EC7EC27EAE699 /* Pods-TVMazeAppTests.release.xcconfig */,
			);
			name = Pods;
			sourceTree = "<group>";
		};
		DF01F047205D441300CC3AA3 /* Cells */ = {
			isa = PBXGroup;
			children = (
				DFAFF42D205B478D0019698E /* ShowCollectionViewCell.swift */,
			);
			path = Cells;
			sourceTree = "<group>";
		};
		DF19C403205B19CA004C9C77 = {
			isa = PBXGroup;
			children = (
				DF19C40E205B19CB004C9C77 /* TVMazeApp */,
				DF19C426205B19CB004C9C77 /* TVMazeAppTests */,
				DF19C40D205B19CB004C9C77 /* Products */,
				61F446C46062908338623968 /* Pods */,
				5855DCD8A4B9F4F0BDA4B1F4 /* Frameworks */,
			);
			sourceTree = "<group>";
		};
		DF19C40D205B19CB004C9C77 /* Products */ = {
			isa = PBXGroup;
			children = (
				DF19C40C205B19CB004C9C77 /* TVMazeApp.app */,
				DF19C423205B19CB004C9C77 /* TVMazeAppTests.xctest */,
			);
			name = Products;
			sourceTree = "<group>";
		};
		DF19C40E205B19CB004C9C77 /* TVMazeApp */ = {
			isa = PBXGroup;
			children = (
				DF19C432205B19D6004C9C77 /* Model */,
				DF19C433205B19E0004C9C77 /* View */,
				DF19C434205B19E5004C9C77 /* ViewModel */,
				DF19C435205B1A32004C9C77 /* Network */,
				DFFEBF59205DDA7500657E4B /* Database */,
				DF19C436205B1A46004C9C77 /* Common */,
				DF19C437205B1A4D004C9C77 /* App */,
				DF19C438205B1A54004C9C77 /* Resources */,
				DF19C439205B1A5B004C9C77 /* Supporting Files */,
				DF19C41E205B19CB004C9C77 /* Info.plist */,
				DF19C416205B19CB004C9C77 /* TVMazeApp.xcdatamodeld */,
			);
			path = TVMazeApp;
			sourceTree = "<group>";
		};
		DF19C426205B19CB004C9C77 /* TVMazeAppTests */ = {
			isa = PBXGroup;
			children = (
				DF19C427205B19CB004C9C77 /* TVMazeAppTests.swift */,
				DF19C429205B19CB004C9C77 /* Info.plist */,
			);
			path = TVMazeAppTests;
			sourceTree = "<group>";
		};
		DF19C432205B19D6004C9C77 /* Model */ = {
			isa = PBXGroup;
			children = (
				DFAFF41F205B32D10019698E /* Show.swift */,
				DFFEBF54205D989C00657E4B /* Season.swift */,
				DF01F048205D825600CC3AA3 /* Episode.swift */,
			);
			path = Model;
			sourceTree = "<group>";
		};
		DF19C433205B19E0004C9C77 /* View */ = {
			isa = PBXGroup;
			children = (
				DF01F047205D441300CC3AA3 /* Cells */,
				DFAFF427205B3F420019698E /* TabBarController.swift */,
				DFAFF429205B40330019698E /* ShowsViewController.swift */,
				DF01F045205D3D9C00CC3AA3 /* DetailShowViewController.swift */,
				DFFEBF5E205E87F000657E4B /* DetailEpisodeViewController.swift */,
				DFAFF42B205B40610019698E /* FavoritesViewController.swift */,
			);
			path = View;
			sourceTree = "<group>";
		};
		DF19C434205B19E5004C9C77 /* ViewModel */ = {
			isa = PBXGroup;
			children = (
				DFAFF423205B353C0019698E /* ShowViewModel.swift */,
				DFFEBF56205D9B4C00657E4B /* SeasonViewModel.swift */,
				DFFEBF60205E8B4700657E4B /* EpisodeViewModel.swift */,
			);
			path = ViewModel;
			sourceTree = "<group>";
		};
		DF19C435205B1A32004C9C77 /* Network */ = {
			isa = PBXGroup;
			children = (
				DFAFF421205B33C00019698E /* ApiHelper.swift */,
				DFAFF425205B3CF20019698E /* UrlHelper.swift */,
			);
			path = Network;
			sourceTree = "<group>";
		};
		DF19C436205B1A46004C9C77 /* Common */ = {
			isa = PBXGroup;
			children = (
				DFAFF42F205B51720019698E /* Extensions */,
			);
			path = Common;
			sourceTree = "<group>";
		};
		DF19C437205B1A4D004C9C77 /* App */ = {
			isa = PBXGroup;
			children = (
				DF19C40F205B19CB004C9C77 /* AppDelegate.swift */,
			);
			path = App;
			sourceTree = "<group>";
		};
		DF19C438205B1A54004C9C77 /* Resources */ = {
			isa = PBXGroup;
			children = (
				DF19C413205B19CB004C9C77 /* Main.storyboard */,
				DF19C419205B19CB004C9C77 /* Assets.xcassets */,
				DF19C41B205B19CB004C9C77 /* LaunchScreen.storyboard */,
			);
			path = Resources;
			sourceTree = "<group>";
		};
		DF19C439205B1A5B004C9C77 /* Supporting Files */ = {
			isa = PBXGroup;
			children = (
			);
			path = "Supporting Files";
			sourceTree = "<group>";
		};
		DFAFF42F205B51720019698E /* Extensions */ = {
			isa = PBXGroup;
			children = (
				DF01F04A205D893100CC3AA3 /* StringExtension.swift */,
				DFFEBF5C205DDC5A00657E4B /* CoreDataStackExtension.swift */,
			);
			path = Extensions;
			sourceTree = "<group>";
		};
		DFFEBF59205DDA7500657E4B /* Database */ = {
			isa = PBXGroup;
			children = (
				DFFEBF5A205DDABB00657E4B /* CoreDataStack.swift */,
			);
			path = Database;
			sourceTree = "<group>";
		};
/* End PBXGroup section */

/* Begin PBXNativeTarget section */
		DF19C40B205B19CA004C9C77 /* TVMazeApp */ = {
			isa = PBXNativeTarget;
			buildConfigurationList = DF19C42C205B19CB004C9C77 /* Build configuration list for PBXNativeTarget "TVMazeApp" */;
			buildPhases = (
				AFBCA7B79F5764D02EF9B872 /* [CP] Check Pods Manifest.lock */,
				DF19C408205B19CA004C9C77 /* Sources */,
				DF19C409205B19CA004C9C77 /* Frameworks */,
				DF19C40A205B19CA004C9C77 /* Resources */,
				111F05C00351F817A1F884EC /* [CP] Embed Pods Frameworks */,
				0D31878A7E4C7F0D67078D9D /* [CP] Copy Pods Resources */,
			);
			buildRules = (
			);
			dependencies = (
			);
			name = TVMazeApp;
			productName = TVMazeApp;
			productReference = DF19C40C205B19CB004C9C77 /* TVMazeApp.app */;
			productType = "com.apple.product-type.application";
		};
		DF19C422205B19CB004C9C77 /* TVMazeAppTests */ = {
			isa = PBXNativeTarget;
			buildConfigurationList = DF19C42F205B19CB004C9C77 /* Build configuration list for PBXNativeTarget "TVMazeAppTests" */;
			buildPhases = (
				0FFD552C090AAD64693BCD7C /* [CP] Check Pods Manifest.lock */,
				DF19C41F205B19CB004C9C77 /* Sources */,
				DF19C420205B19CB004C9C77 /* Frameworks */,
				DF19C421205B19CB004C9C77 /* Resources */,
				25B723F6CFEBCD6A51FD6CB1 /* [CP] Embed Pods Frameworks */,
				B2E458504938AFE8C5A5333E /* [CP] Copy Pods Resources */,
			);
			buildRules = (
			);
			dependencies = (
				DF19C425205B19CB004C9C77 /* PBXTargetDependency */,
			);
			name = TVMazeAppTests;
			productName = TVMazeAppTests;
			productReference = DF19C423205B19CB004C9C77 /* TVMazeAppTests.xctest */;
			productType = "com.apple.product-type.bundle.unit-test";
		};
/* End PBXNativeTarget section */

/* Begin PBXProject section */
		DF19C404205B19CA004C9C77 /* Project object */ = {
			isa = PBXProject;
			attributes = {
				LastSwiftUpdateCheck = 0920;
				LastUpgradeCheck = 0920;
				ORGANIZATIONNAME = "Anne Kariny Silva Freitas";
				TargetAttributes = {
					DF19C40B205B19CA004C9C77 = {
						CreatedOnToolsVersion = 9.2;
						ProvisioningStyle = Automatic;
					};
					DF19C422205B19CB004C9C77 = {
						CreatedOnToolsVersion = 9.2;
						ProvisioningStyle = Automatic;
						TestTargetID = DF19C40B205B19CA004C9C77;
					};
				};
			};
			buildConfigurationList = DF19C407205B19CA004C9C77 /* Build configuration list for PBXProject "TVMazeApp" */;
			compatibilityVersion = "Xcode 8.0";
			developmentRegion = en;
			hasScannedForEncodings = 0;
			knownRegions = (
				en,
				Base,
			);
			mainGroup = DF19C403205B19CA004C9C77;
			productRefGroup = DF19C40D205B19CB004C9C77 /* Products */;
			projectDirPath = "";
			projectRoot = "";
			targets = (
				DF19C40B205B19CA004C9C77 /* TVMazeApp */,
				DF19C422205B19CB004C9C77 /* TVMazeAppTests */,
			);
		};
/* End PBXProject section */

/* Begin PBXResourcesBuildPhase section */
		DF19C40A205B19CA004C9C77 /* Resources */ = {
			isa = PBXResourcesBuildPhase;
			buildActionMask = 2147483647;
			files = (
				DF19C41D205B19CB004C9C77 /* LaunchScreen.storyboard in Resources */,
				DF19C41A205B19CB004C9C77 /* Assets.xcassets in Resources */,
				DF19C415205B19CB004C9C77 /* Main.storyboard in Resources */,
			);
			runOnlyForDeploymentPostprocessing = 0;
		};
		DF19C421205B19CB004C9C77 /* Resources */ = {
			isa = PBXResourcesBuildPhase;
			buildActionMask = 2147483647;
			files = (
			);
			runOnlyForDeploymentPostprocessing = 0;
		};
/* End PBXResourcesBuildPhase section */

/* Begin PBXShellScriptBuildPhase section */
		0D31878A7E4C7F0D67078D9D /* [CP] Copy Pods Resources */ = {
			isa = PBXShellScriptBuildPhase;
			buildActionMask = 2147483647;
			files = (
			);
			inputPaths = (
			);
			name = "[CP] Copy Pods Resources";
			outputPaths = (
			);
			runOnlyForDeploymentPostprocessing = 0;
			shellPath = /bin/sh;
			shellScript = "\"${SRCROOT}/Pods/Target Support Files/Pods-TVMazeApp/Pods-TVMazeApp-resources.sh\"\n";
			showEnvVarsInLog = 0;
		};
		0FFD552C090AAD64693BCD7C /* [CP] Check Pods Manifest.lock */ = {
			isa = PBXShellScriptBuildPhase;
			buildActionMask = 2147483647;
			files = (
			);
			inputPaths = (
				"${PODS_PODFILE_DIR_PATH}/Podfile.lock",
				"${PODS_ROOT}/Manifest.lock",
			);
			name = "[CP] Check Pods Manifest.lock";
			outputPaths = (
				"$(DERIVED_FILE_DIR)/Pods-TVMazeAppTests-checkManifestLockResult.txt",
			);
			runOnlyForDeploymentPostprocessing = 0;
			shellPath = /bin/sh;
			shellScript = "diff \"${PODS_PODFILE_DIR_PATH}/Podfile.lock\" \"${PODS_ROOT}/Manifest.lock\" > /dev/null\nif [ $? != 0 ] ; then\n    # print error to STDERR\n    echo \"error: The sandbox is not in sync with the Podfile.lock. Run 'pod install' or update your CocoaPods installation.\" >&2\n    exit 1\nfi\n# This output is used by Xcode 'outputs' to avoid re-running this script phase.\necho \"SUCCESS\" > \"${SCRIPT_OUTPUT_FILE_0}\"\n";
			showEnvVarsInLog = 0;
		};
		111F05C00351F817A1F884EC /* [CP] Embed Pods Frameworks */ = {
			isa = PBXShellScriptBuildPhase;
			buildActionMask = 2147483647;
			files = (
			);
			inputPaths = (
				"${SRCROOT}/Pods/Target Support Files/Pods-TVMazeApp/Pods-TVMazeApp-frameworks.sh",
				"${BUILT_PRODUCTS_DIR}/Alamofire/Alamofire.framework",
			);
			name = "[CP] Embed Pods Frameworks";
			outputPaths = (
				"${TARGET_BUILD_DIR}/${FRAMEWORKS_FOLDER_PATH}/Alamofire.framework",
			);
			runOnlyForDeploymentPostprocessing = 0;
			shellPath = /bin/sh;
			shellScript = "\"${SRCROOT}/Pods/Target Support Files/Pods-TVMazeApp/Pods-TVMazeApp-frameworks.sh\"\n";
			showEnvVarsInLog = 0;
		};
		25B723F6CFEBCD6A51FD6CB1 /* [CP] Embed Pods Frameworks */ = {
			isa = PBXShellScriptBuildPhase;
			buildActionMask = 2147483647;
			files = (
			);
			inputPaths = (
			);
			name = "[CP] Embed Pods Frameworks";
			outputPaths = (
			);
			runOnlyForDeploymentPostprocessing = 0;
			shellPath = /bin/sh;
			shellScript = "\"${SRCROOT}/Pods/Target Support Files/Pods-TVMazeAppTests/Pods-TVMazeAppTests-frameworks.sh\"\n";
			showEnvVarsInLog = 0;
		};
		AFBCA7B79F5764D02EF9B872 /* [CP] Check Pods Manifest.lock */ = {
			isa = PBXShellScriptBuildPhase;
			buildActionMask = 2147483647;
			files = (
			);
			inputPaths = (
				"${PODS_PODFILE_DIR_PATH}/Podfile.lock",
				"${PODS_ROOT}/Manifest.lock",
			);
			name = "[CP] Check Pods Manifest.lock";
			outputPaths = (
				"$(DERIVED_FILE_DIR)/Pods-TVMazeApp-checkManifestLockResult.txt",
			);
			runOnlyForDeploymentPostprocessing = 0;
			shellPath = /bin/sh;
			shellScript = "diff \"${PODS_PODFILE_DIR_PATH}/Podfile.lock\" \"${PODS_ROOT}/Manifest.lock\" > /dev/null\nif [ $? != 0 ] ; then\n    # print error to STDERR\n    echo \"error: The sandbox is not in sync with the Podfile.lock. Run 'pod install' or update your CocoaPods installation.\" >&2\n    exit 1\nfi\n# This output is used by Xcode 'outputs' to avoid re-running this script phase.\necho \"SUCCESS\" > \"${SCRIPT_OUTPUT_FILE_0}\"\n";
			showEnvVarsInLog = 0;
		};
		B2E458504938AFE8C5A5333E /* [CP] Copy Pods Resources */ = {
			isa = PBXShellScriptBuildPhase;
			buildActionMask = 2147483647;
			files = (
			);
			inputPaths = (
			);
			name = "[CP] Copy Pods Resources";
			outputPaths = (
			);
			runOnlyForDeploymentPostprocessing = 0;
			shellPath = /bin/sh;
			shellScript = "\"${SRCROOT}/Pods/Target Support Files/Pods-TVMazeAppTests/Pods-TVMazeAppTests-resources.sh\"\n";
			showEnvVarsInLog = 0;
		};
/* End PBXShellScriptBuildPhase section */

/* Begin PBXSourcesBuildPhase section */
		DF19C408205B19CA004C9C77 /* Sources */ = {
			isa = PBXSourcesBuildPhase;
			buildActionMask = 2147483647;
			files = (
				DFAFF422205B33C00019698E /* ApiHelper.swift in Sources */,
				DF01F049205D825600CC3AA3 /* Episode.swift in Sources */,
				DFAFF42C205B40610019698E /* FavoritesViewController.swift in Sources */,
				DFAFF420205B32D10019698E /* Show.swift in Sources */,
				DFAFF424205B353C0019698E /* ShowViewModel.swift in Sources */,
				DFAFF426205B3CF20019698E /* UrlHelper.swift in Sources */,
				DFFEBF57205D9B4C00657E4B /* SeasonViewModel.swift in Sources */,
				DFFEBF61205E8B4700657E4B /* EpisodeViewModel.swift in Sources */,
				DFFEBF5B205DDABB00657E4B /* CoreDataStack.swift in Sources */,
				DFAFF428205B3F420019698E /* TabBarController.swift in Sources */,
				DFFEBF5F205E87F000657E4B /* DetailEpisodeViewController.swift in Sources */,
				DF19C418205B19CB004C9C77 /* TVMazeApp.xcdatamodeld in Sources */,
				DF01F046205D3D9C00CC3AA3 /* DetailShowViewController.swift in Sources */,
				DF19C410205B19CB004C9C77 /* AppDelegate.swift in Sources */,
				DFAFF42A205B40330019698E /* ShowsViewController.swift in Sources */,
				DF01F04B205D893100CC3AA3 /* StringExtension.swift in Sources */,
				DFFEBF5D205DDC5A00657E4B /* CoreDataStackExtension.swift in Sources */,
				DFFEBF55205D989C00657E4B /* Season.swift in Sources */,
				DFAFF42E205B478D0019698E /* ShowCollectionViewCell.swift in Sources */,
			);
			runOnlyForDeploymentPostprocessing = 0;
		};
		DF19C41F205B19CB004C9C77 /* Sources */ = {
			isa = PBXSourcesBuildPhase;
			buildActionMask = 2147483647;
			files = (
				DF19C428205B19CB004C9C77 /* TVMazeAppTests.swift in Sources */,
			);
			runOnlyForDeploymentPostprocessing = 0;
		};
/* End PBXSourcesBuildPhase section */

/* Begin PBXTargetDependency section */
		DF19C425205B19CB004C9C77 /* PBXTargetDependency */ = {
			isa = PBXTargetDependency;
			target = DF19C40B205B19CA004C9C77 /* TVMazeApp */;
			targetProxy = DF19C424205B19CB004C9C77 /* PBXContainerItemProxy */;
		};
/* End PBXTargetDependency section */

/* Begin PBXVariantGroup section */
		DF19C413205B19CB004C9C77 /* Main.storyboard */ = {
			isa = PBXVariantGroup;
			children = (
				DF19C414205B19CB004C9C77 /* Base */,
			);
			name = Main.storyboard;
			sourceTree = "<group>";
		};
		DF19C41B205B19CB004C9C77 /* LaunchScreen.storyboard */ = {
			isa = PBXVariantGroup;
			children = (
				DF19C41C205B19CB004C9C77 /* Base */,
			);
			name = LaunchScreen.storyboard;
			sourceTree = "<group>";
		};
/* End PBXVariantGroup section */

/* Begin XCBuildConfiguration section */
		DF19C42A205B19CB004C9C77 /* Debug */ = {
			isa = XCBuildConfiguration;
			buildSettings = {
				ALWAYS_SEARCH_USER_PATHS = NO;
				CLANG_ANALYZER_NONNULL = YES;
				CLANG_ANALYZER_NUMBER_OBJECT_CONVERSION = YES_AGGRESSIVE;
				CLANG_CXX_LANGUAGE_STANDARD = "gnu++14";
				CLANG_CXX_LIBRARY = "libc++";
				CLANG_ENABLE_MODULES = YES;
				CLANG_ENABLE_OBJC_ARC = YES;
				CLANG_WARN_BLOCK_CAPTURE_AUTORELEASING = YES;
				CLANG_WARN_BOOL_CONVERSION = YES;
				CLANG_WARN_COMMA = YES;
				CLANG_WARN_CONSTANT_CONVERSION = YES;
				CLANG_WARN_DIRECT_OBJC_ISA_USAGE = YES_ERROR;
				CLANG_WARN_DOCUMENTATION_COMMENTS = YES;
				CLANG_WARN_EMPTY_BODY = YES;
				CLANG_WARN_ENUM_CONVERSION = YES;
				CLANG_WARN_INFINITE_RECURSION = YES;
				CLANG_WARN_INT_CONVERSION = YES;
				CLANG_WARN_NON_LITERAL_NULL_CONVERSION = YES;
				CLANG_WARN_OBJC_LITERAL_CONVERSION = YES;
				CLANG_WARN_OBJC_ROOT_CLASS = YES_ERROR;
				CLANG_WARN_RANGE_LOOP_ANALYSIS = YES;
				CLANG_WARN_STRICT_PROTOTYPES = YES;
				CLANG_WARN_SUSPICIOUS_MOVE = YES;
				CLANG_WARN_UNGUARDED_AVAILABILITY = YES_AGGRESSIVE;
				CLANG_WARN_UNREACHABLE_CODE = YES;
				CLANG_WARN__DUPLICATE_METHOD_MATCH = YES;
				CODE_SIGN_IDENTITY = "iPhone Developer";
				COPY_PHASE_STRIP = NO;
				DEBUG_INFORMATION_FORMAT = dwarf;
				ENABLE_STRICT_OBJC_MSGSEND = YES;
				ENABLE_TESTABILITY = YES;
				GCC_C_LANGUAGE_STANDARD = gnu11;
				GCC_DYNAMIC_NO_PIC = NO;
				GCC_NO_COMMON_BLOCKS = YES;
				GCC_OPTIMIZATION_LEVEL = 0;
				GCC_PREPROCESSOR_DEFINITIONS = (
					"DEBUG=1",
					"$(inherited)",
				);
				GCC_WARN_64_TO_32_BIT_CONVERSION = YES;
				GCC_WARN_ABOUT_RETURN_TYPE = YES_ERROR;
				GCC_WARN_UNDECLARED_SELECTOR = YES;
				GCC_WARN_UNINITIALIZED_AUTOS = YES_AGGRESSIVE;
				GCC_WARN_UNUSED_FUNCTION = YES;
				GCC_WARN_UNUSED_VARIABLE = YES;
				IPHONEOS_DEPLOYMENT_TARGET = 11.2;
				MTL_ENABLE_DEBUG_INFO = YES;
				ONLY_ACTIVE_ARCH = YES;
				SDKROOT = iphoneos;
				SWIFT_ACTIVE_COMPILATION_CONDITIONS = DEBUG;
				SWIFT_OPTIMIZATION_LEVEL = "-Onone";
			};
			name = Debug;
		};
		DF19C42B205B19CB004C9C77 /* Release */ = {
			isa = XCBuildConfiguration;
			buildSettings = {
				ALWAYS_SEARCH_USER_PATHS = NO;
				CLANG_ANALYZER_NONNULL = YES;
				CLANG_ANALYZER_NUMBER_OBJECT_CONVERSION = YES_AGGRESSIVE;
				CLANG_CXX_LANGUAGE_STANDARD = "gnu++14";
				CLANG_CXX_LIBRARY = "libc++";
				CLANG_ENABLE_MODULES = YES;
				CLANG_ENABLE_OBJC_ARC = YES;
				CLANG_WARN_BLOCK_CAPTURE_AUTORELEASING = YES;
				CLANG_WARN_BOOL_CONVERSION = YES;
				CLANG_WARN_COMMA = YES;
				CLANG_WARN_CONSTANT_CONVERSION = YES;
				CLANG_WARN_DIRECT_OBJC_ISA_USAGE = YES_ERROR;
				CLANG_WARN_DOCUMENTATION_COMMENTS = YES;
				CLANG_WARN_EMPTY_BODY = YES;
				CLANG_WARN_ENUM_CONVERSION = YES;
				CLANG_WARN_INFINITE_RECURSION = YES;
				CLANG_WARN_INT_CONVERSION = YES;
				CLANG_WARN_NON_LITERAL_NULL_CONVERSION = YES;
				CLANG_WARN_OBJC_LITERAL_CONVERSION = YES;
				CLANG_WARN_OBJC_ROOT_CLASS = YES_ERROR;
				CLANG_WARN_RANGE_LOOP_ANALYSIS = YES;
				CLANG_WARN_STRICT_PROTOTYPES = YES;
				CLANG_WARN_SUSPICIOUS_MOVE = YES;
				CLANG_WARN_UNGUARDED_AVAILABILITY = YES_AGGRESSIVE;
				CLANG_WARN_UNREACHABLE_CODE = YES;
				CLANG_WARN__DUPLICATE_METHOD_MATCH = YES;
				CODE_SIGN_IDENTITY = "iPhone Developer";
				COPY_PHASE_STRIP = NO;
				DEBUG_INFORMATION_FORMAT = "dwarf-with-dsym";
				ENABLE_NS_ASSERTIONS = NO;
				ENABLE_STRICT_OBJC_MSGSEND = YES;
				GCC_C_LANGUAGE_STANDARD = gnu11;
				GCC_NO_COMMON_BLOCKS = YES;
				GCC_WARN_64_TO_32_BIT_CONVERSION = YES;
				GCC_WARN_ABOUT_RETURN_TYPE = YES_ERROR;
				GCC_WARN_UNDECLARED_SELECTOR = YES;
				GCC_WARN_UNINITIALIZED_AUTOS = YES_AGGRESSIVE;
				GCC_WARN_UNUSED_FUNCTION = YES;
				GCC_WARN_UNUSED_VARIABLE = YES;
				IPHONEOS_DEPLOYMENT_TARGET = 11.2;
				MTL_ENABLE_DEBUG_INFO = NO;
				SDKROOT = iphoneos;
				SWIFT_OPTIMIZATION_LEVEL = "-Owholemodule";
				VALIDATE_PRODUCT = YES;
			};
			name = Release;
		};
		DF19C42D205B19CB004C9C77 /* Debug */ = {
			isa = XCBuildConfiguration;
			baseConfigurationReference = E16C4953579C0E524CFC3328 /* Pods-TVMazeApp.debug.xcconfig */;
			buildSettings = {
				ASSETCATALOG_COMPILER_APPICON_NAME = AppIcon;
				CODE_SIGN_STYLE = Automatic;
				DEVELOPMENT_TEAM = F476P237J6;
				INFOPLIST_FILE = TVMazeApp/Info.plist;
				LD_RUNPATH_SEARCH_PATHS = "$(inherited) @executable_path/Frameworks";
				PRODUCT_BUNDLE_IDENTIFIER = com.kariny.TVMazeApp;
				PRODUCT_NAME = "$(TARGET_NAME)";
				SWIFT_VERSION = 4.0;
				TARGETED_DEVICE_FAMILY = "1,2";
			};
			name = Debug;
		};
		DF19C42E205B19CB004C9C77 /* Release */ = {
			isa = XCBuildConfiguration;
			baseConfigurationReference = 3DC20C4D2219E2A10D697F62 /* Pods-TVMazeApp.release.xcconfig */;
			buildSettings = {
				ASSETCATALOG_COMPILER_APPICON_NAME = AppIcon;
				CODE_SIGN_STYLE = Automatic;
				DEVELOPMENT_TEAM = F476P237J6;
				INFOPLIST_FILE = TVMazeApp/Info.plist;
				LD_RUNPATH_SEARCH_PATHS = "$(inherited) @executable_path/Frameworks";
				PRODUCT_BUNDLE_IDENTIFIER = com.kariny.TVMazeApp;
				PRODUCT_NAME = "$(TARGET_NAME)";
				SWIFT_VERSION = 4.0;
				TARGETED_DEVICE_FAMILY = "1,2";
			};
			name = Release;
		};
		DF19C430205B19CB004C9C77 /* Debug */ = {
			isa = XCBuildConfiguration;
			baseConfigurationReference = 3BC49E5F7DB3CB38A826E5D3 /* Pods-TVMazeAppTests.debug.xcconfig */;
			buildSettings = {
				ALWAYS_EMBED_SWIFT_STANDARD_LIBRARIES = YES;
				BUNDLE_LOADER = "$(TEST_HOST)";
				CODE_SIGN_STYLE = Automatic;
				DEVELOPMENT_TEAM = F476P237J6;
				INFOPLIST_FILE = TVMazeAppTests/Info.plist;
				LD_RUNPATH_SEARCH_PATHS = "$(inherited) @executable_path/Frameworks @loader_path/Frameworks";
				PRODUCT_BUNDLE_IDENTIFIER = com.kariny.TVMazeAppTests;
				PRODUCT_NAME = "$(TARGET_NAME)";
				SWIFT_VERSION = 4.0;
				TARGETED_DEVICE_FAMILY = "1,2";
				TEST_HOST = "$(BUILT_PRODUCTS_DIR)/TVMazeApp.app/TVMazeApp";
			};
			name = Debug;
		};
		DF19C431205B19CB004C9C77 /* Release */ = {
			isa = XCBuildConfiguration;
			baseConfigurationReference = 8DF4FA83DF8EC7EC27EAE699 /* Pods-TVMazeAppTests.release.xcconfig */;
			buildSettings = {
				ALWAYS_EMBED_SWIFT_STANDARD_LIBRARIES = YES;
				BUNDLE_LOADER = "$(TEST_HOST)";
				CODE_SIGN_STYLE = Automatic;
				DEVELOPMENT_TEAM = F476P237J6;
				INFOPLIST_FILE = TVMazeAppTests/Info.plist;
				LD_RUNPATH_SEARCH_PATHS = "$(inherited) @executable_path/Frameworks @loader_path/Frameworks";
				PRODUCT_BUNDLE_IDENTIFIER = com.kariny.TVMazeAppTests;
				PRODUCT_NAME = "$(TARGET_NAME)";
				SWIFT_VERSION = 4.0;
				TARGETED_DEVICE_FAMILY = "1,2";
				TEST_HOST = "$(BUILT_PRODUCTS_DIR)/TVMazeApp.app/TVMazeApp";
			};
			name = Release;
		};
/* End XCBuildConfiguration section */

/* Begin XCConfigurationList section */
		DF19C407205B19CA004C9C77 /* Build configuration list for PBXProject "TVMazeApp" */ = {
			isa = XCConfigurationList;
			buildConfigurations = (
				DF19C42A205B19CB004C9C77 /* Debug */,
				DF19C42B205B19CB004C9C77 /* Release */,
			);
			defaultConfigurationIsVisible = 0;
			defaultConfigurationName = Release;
		};
		DF19C42C205B19CB004C9C77 /* Build configuration list for PBXNativeTarget "TVMazeApp" */ = {
			isa = XCConfigurationList;
			buildConfigurations = (
				DF19C42D205B19CB004C9C77 /* Debug */,
				DF19C42E205B19CB004C9C77 /* Release */,
			);
			defaultConfigurationIsVisible = 0;
			defaultConfigurationName = Release;
		};
		DF19C42F205B19CB004C9C77 /* Build configuration list for PBXNativeTarget "TVMazeAppTests" */ = {
			isa = XCConfigurationList;
			buildConfigurations = (
				DF19C430205B19CB004C9C77 /* Debug */,
				DF19C431205B19CB004C9C77 /* Release */,
			);
			defaultConfigurationIsVisible = 0;
			defaultConfigurationName = Release;
		};
/* End XCConfigurationList section */

/* Begin XCVersionGroup section */
		DF19C416205B19CB004C9C77 /* TVMazeApp.xcdatamodeld */ = {
			isa = XCVersionGroup;
			children = (
				DF19C417205B19CB004C9C77 /* TVMazeApp.xcdatamodel */,
			);
			currentVersion = DF19C417205B19CB004C9C77 /* TVMazeApp.xcdatamodel */;
			path = TVMazeApp.xcdatamodeld;
			sourceTree = "<group>";
			versionGroupType = wrapper.xcdatamodel;
		};
/* End XCVersionGroup section */
	};
	rootObject = DF19C404205B19CA004C9C77 /* Project object */;
}
